
Microsoft Visual Studio Solution File, Format Version 12.00
# Visual Studio Version 17
VisualStudioVersion = 17.14.36301.6
MinimumVisualStudioVersion = 10.0.40219.1
Project("{FAE04EC0-301F-11D3-BF4B-00C04F79EFBC}") = "AssemblyCompilerMK4", "AssemblyCompilerMK4.csproj", "{11FDDDF6-C614-45AE-8DBE-8EC8C26C18D8}"
EndProject
Project("{2150E333-8FDC-42A3-9474-1A3956D46DE8}") = "Modules", "Modules", "{36D591C7-65C7-A0D1-1CBC-10CDE441BDC8}"
	ProjectSection(SolutionItems) = preProject
		Coder.cs = Coder.cs
		CodingTester.cs = CodingTester.cs
		Decoder.cs = Decoder.cs
		Lexer.cs = Lexer.cs
		SyntaxUpPred.cs = SyntaxUpPred.cs
		TestingExamples.cs = TestingExamples.cs
		WorksController.cs = WorksController.cs
	EndProjectSection
EndProject
Global
	GlobalSection(SolutionConfigurationPlatforms) = preSolution
		Debug|Any CPU = Debug|Any CPU
		Release|Any CPU = Release|Any CPU
	EndGlobalSection
	GlobalSection(ProjectConfigurationPlatforms) = postSolution
		{11FDDDF6-C614-45AE-8DBE-8EC8C26C18D8}.Debug|Any CPU.ActiveCfg = Debug|Any CPU
		{11FDDDF6-C614-45AE-8DBE-8EC8C26C18D8}.Debug|Any CPU.Build.0 = Debug|Any CPU
		{11FDDDF6-C614-45AE-8DBE-8EC8C26C18D8}.Release|Any CPU.ActiveCfg = Release|Any CPU
		{11FDDDF6-C614-45AE-8DBE-8EC8C26C18D8}.Release|Any CPU.Build.0 = Release|Any CPU
	EndGlobalSection
	GlobalSection(SolutionProperties) = preSolution
		HideSolutionNode = FALSE
	EndGlobalSection
	GlobalSection(ExtensibilityGlobals) = postSolution
		SolutionGuid = {045800C6-7A27-4D8D-B506-E5EF8341A110}
	EndGlobalSection
EndGlobal
